
Microsoft Visual Studio Solution File, Format Version 12.00
# Visual Studio Version 17
VisualStudioVersion = 17.9.34701.34
MinimumVisualStudioVersion = 10.0.40219.1
Project("{2150E333-8FDC-42A3-9474-1A3956D46DE8}") = "src", "src", "{C3BC3EFE-CE09-48E5-81E5-88992797639B}"
EndProject
Project("{2150E333-8FDC-42A3-9474-1A3956D46DE8}") = "test", "test", "{8C6FCC7A-4AEA-44BA-B10B-1F3BF565430A}"
EndProject
Project("{FAE04EC0-301F-11D3-BF4B-00C04F79EFBC}") = "Bookify.Domain", "Bookify.Domain\Bookify.Domain.csproj", "{857D1B76-3CD6-4512-98DE-1E39DBA1ED97}"
EndProject
Global
	GlobalSection(SolutionConfigurationPlatforms) = preSolution
		Debug|Any CPU = Debug|Any CPU
		Release|Any CPU = Release|Any CPU
	EndGlobalSection
	GlobalSection(ProjectConfigurationPlatforms) = postSolution
		{857D1B76-3CD6-4512-98DE-1E39DBA1ED97}.Debug|Any CPU.ActiveCfg = Debug|Any CPU
		{857D1B76-3CD6-4512-98DE-1E39DBA1ED97}.Debug|Any CPU.Build.0 = Debug|Any CPU
		{857D1B76-3CD6-4512-98DE-1E39DBA1ED97}.Release|Any CPU.ActiveCfg = Release|Any CPU
		{857D1B76-3CD6-4512-98DE-1E39DBA1ED97}.Release|Any CPU.Build.0 = Release|Any CPU
	EndGlobalSection
	GlobalSection(SolutionProperties) = preSolution
		HideSolutionNode = FALSE
	EndGlobalSection
	GlobalSection(NestedProjects) = preSolution
		{857D1B76-3CD6-4512-98DE-1E39DBA1ED97} = {C3BC3EFE-CE09-48E5-81E5-88992797639B}
	EndGlobalSection
	GlobalSection(ExtensibilityGlobals) = postSolution
		SolutionGuid = {B18A02DA-0FF5-4807-A9C2-A041847B0EC4}
	EndGlobalSection
EndGlobal
